
Microsoft Visual Studio Solution File, Format Version 12.00
# Visual Studio 15
VisualStudioVersion = 15.0.27004.2009
MinimumVisualStudioVersion = 10.0.40219.1
Project("{E24C65DC-7377-472B-9ABA-BC803B73C61A}") = "Chart", ".", "{0BB1073E-93B2-4113-8440-F64FF3371122}"
	ProjectSection(WebsiteProperties) = preProject
		TargetFrameworkMoniker = ".NETFramework,Version%3Dv4.0"
		Debug.AspNetCompiler.VirtualPath = "/localhost_61818"
		Debug.AspNetCompiler.PhysicalPath = "..\Chart\"
		Debug.AspNetCompiler.TargetPath = "PrecompiledWeb\localhost_61818\"
		Debug.AspNetCompiler.Updateable = "true"
		Debug.AspNetCompiler.ForceOverwrite = "true"
		Debug.AspNetCompiler.FixedNames = "false"
		Debug.AspNetCompiler.Debug = "True"
		Release.AspNetCompiler.VirtualPath = "/localhost_61818"
		Release.AspNetCompiler.PhysicalPath = "..\Chart\"
		Release.AspNetCompiler.TargetPath = "PrecompiledWeb\localhost_61818\"
		Release.AspNetCompiler.Updateable = "true"
		Release.AspNetCompiler.ForceOverwrite = "true"
		Release.AspNetCompiler.FixedNames = "false"
		Release.AspNetCompiler.Debug = "False"
		VWDPort = "61818"
		SlnRelativePath = "..\Chart\"
	EndProjectSection
EndProject
Global
	GlobalSection(SolutionConfigurationPlatforms) = preSolution
		Debug|Any CPU = Debug|Any CPU
	EndGlobalSection
	GlobalSection(ProjectConfigurationPlatforms) = postSolution
		{0BB1073E-93B2-4113-8440-F64FF3371122}.Debug|Any CPU.ActiveCfg = Debug|Any CPU
		{0BB1073E-93B2-4113-8440-F64FF3371122}.Debug|Any CPU.Build.0 = Debug|Any CPU
	EndGlobalSection
	GlobalSection(SolutionProperties) = preSolution
		HideSolutionNode = FALSE
	EndGlobalSection
	GlobalSection(ExtensibilityGlobals) = postSolution
		SolutionGuid = {5CCA34E7-9A3E-45E8-B52E-4FB0C75558F2}
	EndGlobalSection
EndGlobal
